// !$*UTF8*$!
{
	archiveVersion = 1;
	classes = {
	};
	objectVersion = 56;
	objects = {

/* Begin PBXBuildFile section */
		3F946DD4290AA18300077E10 /* sample_projectApp.swift in Sources */ = {isa = PBXBuildFile; fileRef = 3F946DD3290AA18300077E10 /* sample_projectApp.swift */; };
		3F946DD6290AA18300077E10 /* ContentView.swift in Sources */ = {isa = PBXBuildFile; fileRef = 3F946DD5290AA18300077E10 /* ContentView.swift */; };
		3F946DD8290AA18600077E10 /* Assets.xcassets in Resources */ = {isa = PBXBuildFile; fileRef = 3F946DD7290AA18600077E10 /* Assets.xcassets */; };
		3F946DDB290AA18600077E10 /* Preview Assets.xcassets in Resources */ = {isa = PBXBuildFile; fileRef = 3F946DDA290AA18600077E10 /* Preview Assets.xcassets */; };
		3F946DE5290AA18600077E10 /* sample_projectTests.swift in Sources */ = {isa = PBXBuildFile; fileRef = 3F946DE4290AA18600077E10 /* sample_projectTests.swift */; };
		3F946DEF290AA18600077E10 /* sample_projectUITests.swift in Sources */ = {isa = PBXBuildFile; fileRef = 3F946DEE290AA18600077E10 /* sample_projectUITests.swift */; };
		3F946DF1290AA18600077E10 /* sample_projectUITestsLaunchTests.swift in Sources */ = {isa = PBXBuildFile; fileRef = 3F946DF0290AA18600077E10 /* sample_projectUITestsLaunchTests.swift */; };
/* End PBXBuildFile section */

/* Begin PBXContainerItemProxy section */
		3F946DE1290AA18600077E10 /* PBXContainerItemProxy */ = {
			isa = PBXContainerItemProxy;
			containerPortal = 3F946DC8290AA18300077E10 /* Project object */;
			proxyType = 1;
			remoteGlobalIDString = 3F946DCF290AA18300077E10;
			remoteInfo = "sample-project";
		};
		3F946DEB290AA18600077E10 /* PBXContainerItemProxy */ = {
			isa = PBXContainerItemProxy;
			containerPortal = 3F946DC8290AA18300077E10 /* Project object */;
			proxyType = 1;
			remoteGlobalIDString = 3F946DCF290AA18300077E10;
			remoteInfo = "sample-project";
		};
/* End PBXContainerItemProxy section */

/* Begin PBXFileReference section */
		3F946DD0290AA18300077E10 /* sample-project.app */ = {isa = PBXFileReference; explicitFileType = wrapper.application; includeInIndex = 0; path = "sample-project.app"; sourceTree = BUILT_PRODUCTS_DIR; };
		3F946DD3290AA18300077E10 /* sample_projectApp.swift */ = {isa = PBXFileReference; lastKnownFileType = sourcecode.swift; path = sample_projectApp.swift; sourceTree = "<group>"; };
		3F946DD5290AA18300077E10 /* ContentView.swift */ = {isa = PBXFileReference; lastKnownFileType = sourcecode.swift; path = ContentView.swift; sourceTree = "<group>"; };
		3F946DD7290AA18600077E10 /* Assets.xcassets */ = {isa = PBXFileReference; lastKnownFileType = folder.assetcatalog; path = Assets.xcassets; sourceTree = "<group>"; };
		3F946DDA290AA18600077E10 /* Preview Assets.xcassets */ = {isa = PBXFileReference; lastKnownFileType = folder.assetcatalog; path = "Preview Assets.xcassets"; sourceTree = "<group>"; };
		3F946DE0290AA18600077E10 /* sample-projectTests.xctest */ = {isa = PBXFileReference; explicitFileType = wrapper.cfbundle; includeInIndex = 0; path = "sample-projectTests.xctest"; sourceTree = BUILT_PRODUCTS_DIR; };
		3F946DE4290AA18600077E10 /* sample_projectTests.swift */ = {isa = PBXFileReference; lastKnownFileType = sourcecode.swift; path = sample_projectTests.swift; sourceTree = "<group>"; };
		3F946DEA290AA18600077E10 /* sample-projectUITests.xctest */ = {isa = PBXFileReference; explicitFileType = wrapper.cfbundle; includeInIndex = 0; path = "sample-projectUITests.xctest"; sourceTree = BUILT_PRODUCTS_DIR; };
		3F946DEE290AA18600077E10 /* sample_projectUITests.swift */ = {isa = PBXFileReference; lastKnownFileType = sourcecode.swift; path = sample_projectUITests.swift; sourceTree = "<group>"; };
		3F946DF0290AA18600077E10 /* sample_projectUITestsLaunchTests.swift */ = {isa = PBXFileReference; lastKnownFileType = sourcecode.swift; path = sample_projectUITestsLaunchTests.swift; sourceTree = "<group>"; };
/* End PBXFileReference section */

/* Begin PBXFrameworksBuildPhase section */
		3F946DCD290AA18300077E10 /* Frameworks */ = {
			isa = PBXFrameworksBuildPhase;
			buildActionMask = 2147483647;
			files = (
			);
			runOnlyForDeploymentPostprocessing = 0;
		};
		3F946DDD290AA18600077E10 /* Frameworks */ = {
			isa = PBXFrameworksBuildPhase;
			buildActionMask = 2147483647;
			files = (
			);
			runOnlyForDeploymentPostprocessing = 0;
		};
		3F946DE7290AA18600077E10 /* Frameworks */ = {
			isa = PBXFrameworksBuildPhase;
			buildActionMask = 2147483647;
			files = (
			);
			runOnlyForDeploymentPostprocessing = 0;
		};
/* End PBXFrameworksBuildPhase section */

/* Begin PBXGroup section */
		3F946DC7290AA18300077E10 = {
			isa = PBXGroup;
			children = (
				3F946DD2290AA18300077E10 /* sample-project */,
				3F946DE3290AA18600077E10 /* sample-projectTests */,
				3F946DED290AA18600077E10 /* sample-projectUITests */,
				3F946DD1290AA18300077E10 /* Products */,
			);
			sourceTree = "<group>";
		};
		3F946DD1290AA18300077E10 /* Products */ = {
			isa = PBXGroup;
			children = (
				3F946DD0290AA18300077E10 /* sample-project.app */,
				3F946DE0290AA18600077E10 /* sample-projectTests.xctest */,
				3F946DEA290AA18600077E10 /* sample-projectUITests.xctest */,
			);
			name = Products;
			sourceTree = "<group>";
		};
		3F946DD2290AA18300077E10 /* sample-project */ = {
			isa = PBXGroup;
			children = (
				3F946DD3290AA18300077E10 /* sample_projectApp.swift */,
				3F946DD5290AA18300077E10 /* ContentView.swift */,
				3F946DD7290AA18600077E10 /* Assets.xcassets */,
				3F946DD9290AA18600077E10 /* Preview Content */,
			);
			path = "sample-project";
			sourceTree = "<group>";
		};
		3F946DD9290AA18600077E10 /* Preview Content */ = {
			isa = PBXGroup;
			children = (
				3F946DDA290AA18600077E10 /* Preview Assets.xcassets */,
			);
			path = "Preview Content";
			sourceTree = "<group>";
		};
		3F946DE3290AA18600077E10 /* sample-projectTests */ = {
			isa = PBXGroup;
			children = (
				3F946DE4290AA18600077E10 /* sample_projectTests.swift */,
			);
			path = "sample-projectTests";
			sourceTree = "<group>";
		};
		3F946DED290AA18600077E10 /* sample-projectUITests */ = {
			isa = PBXGroup;
			children = (
				3F946DEE290AA18600077E10 /* sample_projectUITests.swift */,
				3F946DF0290AA18600077E10 /* sample_projectUITestsLaunchTests.swift */,
			);
			path = "sample-projectUITests";
			sourceTree = "<group>";
		};
/* End PBXGroup section */

/* Begin PBXNativeTarget section */
		3F946DCF290AA18300077E10 /* sample-project */ = {
			isa = PBXNativeTarget;
			buildConfigurationList = 3F946DF4290AA18600077E10 /* Build configuration list for PBXNativeTarget "sample-project" */;
			buildPhases = (
				3F946DCC290AA18300077E10 /* Sources */,
				3F946DCD290AA18300077E10 /* Frameworks */,
				3F946DCE290AA18300077E10 /* Resources */,
			);
			buildRules = (
			);
			dependencies = (
			);
			name = "sample-project";
			productName = "sample-project";
			productReference = 3F946DD0290AA18300077E10 /* sample-project.app */;
			productType = "com.apple.product-type.application";
		};
		3F946DDF290AA18600077E10 /* sample-projectTests */ = {
			isa = PBXNativeTarget;
			buildConfigurationList = 3F946DF7290AA18600077E10 /* Build configuration list for PBXNativeTarget "sample-projectTests" */;
			buildPhases = (
				3F946DDC290AA18600077E10 /* Sources */,
				3F946DDD290AA18600077E10 /* Frameworks */,
				3F946DDE290AA18600077E10 /* Resources */,
			);
			buildRules = (
			);
			dependencies = (
				3F946DE2290AA18600077E10 /* PBXTargetDependency */,
			);
			name = "sample-projectTests";
			productName = "sample-projectTests";
			productReference = 3F946DE0290AA18600077E10 /* sample-projectTests.xctest */;
			productType = "com.apple.product-type.bundle.unit-test";
		};
		3F946DE9290AA18600077E10 /* sample-projectUITests */ = {
			isa = PBXNativeTarget;
			buildConfigurationList = 3F946DFA290AA18600077E10 /* Build configuration list for PBXNativeTarget "sample-projectUITests" */;
			buildPhases = (
				3F946DE6290AA18600077E10 /* Sources */,
				3F946DE7290AA18600077E10 /* Frameworks */,
				3F946DE8290AA18600077E10 /* Resources */,
			);
			buildRules = (
			);
			dependencies = (
				3F946DEC290AA18600077E10 /* PBXTargetDependency */,
			);
			name = "sample-projectUITests";
			productName = "sample-projectUITests";
			productReference = 3F946DEA290AA18600077E10 /* sample-projectUITests.xctest */;
			productType = "com.apple.product-type.bundle.ui-testing";
		};
/* End PBXNativeTarget section */

/* Begin PBXProject section */
		3F946DC8290AA18300077E10 /* Project object */ = {
			isa = PBXProject;
			attributes = {
				BuildIndependentTargetsInParallel = 1;
				LastSwiftUpdateCheck = 1400;
				LastUpgradeCheck = 1400;
				TargetAttributes = {
					3F946DCF290AA18300077E10 = {
						CreatedOnToolsVersion = 14.0.1;
					};
					3F946DDF290AA18600077E10 = {
						CreatedOnToolsVersion = 14.0.1;
						TestTargetID = 3F946DCF290AA18300077E10;
					};
					3F946DE9290AA18600077E10 = {
						CreatedOnToolsVersion = 14.0.1;
						TestTargetID = 3F946DCF290AA18300077E10;
					};
				};
			};
			buildConfigurationList = 3F946DCB290AA18300077E10 /* Build configuration list for PBXProject "sample-project" */;
			compatibilityVersion = "Xcode 14.0";
			developmentRegion = en;
			hasScannedForEncodings = 0;
			knownRegions = (
				en,
				Base,
			);
			mainGroup = 3F946DC7290AA18300077E10;
			productRefGroup = 3F946DD1290AA18300077E10 /* Products */;
			projectDirPath = "";
			projectRoot = "";
			targets = (
				3F946DCF290AA18300077E10 /* sample-project */,
				3F946DDF290AA18600077E10 /* sample-projectTests */,
				3F946DE9290AA18600077E10 /* sample-projectUITests */,
			);
		};
/* End PBXProject section */

/* Begin PBXResourcesBuildPhase section */
		3F946DCE290AA18300077E10 /* Resources */ = {
			isa = PBXResourcesBuildPhase;
			buildActionMask = 2147483647;
			files = (
				3F946DDB290AA18600077E10 /* Preview Assets.xcassets in Resources */,
				3F946DD8290AA18600077E10 /* Assets.xcassets in Resources */,
			);
			runOnlyForDeploymentPostprocessing = 0;
		};
		3F946DDE290AA18600077E10 /* Resources */ = {
			isa = PBXResourcesBuildPhase;
			buildActionMask = 2147483647;
			files = (
			);
			runOnlyForDeploymentPostprocessing = 0;
		};
		3F946DE8290AA18600077E10 /* Resources */ = {
			isa = PBXResourcesBuildPhase;
			buildActionMask = 2147483647;
			files = (
			);
			runOnlyForDeploymentPostprocessing = 0;
		};
/* End PBXResourcesBuildPhase section */

/* Begin PBXSourcesBuildPhase section */
		3F946DCC290AA18300077E10 /* Sources */ = {
			isa = PBXSourcesBuildPhase;
			buildActionMask = 2147483647;
			files = (
				3F946DD6290AA18300077E10 /* ContentView.swift in Sources */,
				3F946DD4290AA18300077E10 /* sample_projectApp.swift in Sources */,
			);
			runOnlyForDeploymentPostprocessing = 0;
		};
		3F946DDC290AA18600077E10 /* Sources */ = {
			isa = PBXSourcesBuildPhase;
			buildActionMask = 2147483647;
			files = (
				3F946DE5290AA18600077E10 /* sample_projectTests.swift in Sources */,
			);
			runOnlyForDeploymentPostprocessing = 0;
		};
		3F946DE6290AA18600077E10 /* Sources */ = {
			isa = PBXSourcesBuildPhase;
			buildActionMask = 2147483647;
			files = (
				3F946DF1290AA18600077E10 /* sample_projectUITestsLaunchTests.swift in Sources */,
				3F946DEF290AA18600077E10 /* sample_projectUITests.swift in Sources */,
			);
			runOnlyForDeploymentPostprocessing = 0;
		};
/* End PBXSourcesBuildPhase section */

/* Begin PBXTargetDependency section */
		3F946DE2290AA18600077E10 /* PBXTargetDependency */ = {
			isa = PBXTargetDependency;
			target = 3F946DCF290AA18300077E10 /* sample-project */;
			targetProxy = 3F946DE1290AA18600077E10 /* PBXContainerItemProxy */;
		};
		3F946DEC290AA18600077E10 /* PBXTargetDependency */ = {
			isa = PBXTargetDependency;
			target = 3F946DCF290AA18300077E10 /* sample-project */;
			targetProxy = 3F946DEB290AA18600077E10 /* PBXContainerItemProxy */;
		};
/* End PBXTargetDependency section */

/* Begin XCBuildConfiguration section */
		3F946DF2290AA18600077E10 /* Debug */ = {
			isa = XCBuildConfiguration;
			buildSettings = {
				ALWAYS_SEARCH_USER_PATHS = NO;
				CLANG_ANALYZER_NONNULL = YES;
				CLANG_ANALYZER_NUMBER_OBJECT_CONVERSION = YES_AGGRESSIVE;
				CLANG_CXX_LANGUAGE_STANDARD = "gnu++20";
				CLANG_ENABLE_MODULES = YES;
				CLANG_ENABLE_OBJC_ARC = YES;
				CLANG_ENABLE_OBJC_WEAK = YES;
				CLANG_WARN_BLOCK_CAPTURE_AUTORELEASING = YES;
				CLANG_WARN_BOOL_CONVERSION = YES;
				CLANG_WARN_COMMA = YES;
				CLANG_WARN_CONSTANT_CONVERSION = YES;
				CLANG_WARN_DEPRECATED_OBJC_IMPLEMENTATIONS = YES;
				CLANG_WARN_DIRECT_OBJC_ISA_USAGE = YES_ERROR;
				CLANG_WARN_DOCUMENTATION_COMMENTS = YES;
				CLANG_WARN_EMPTY_BODY = YES;
				CLANG_WARN_ENUM_CONVERSION = YES;
				CLANG_WARN_INFINITE_RECURSION = YES;
				CLANG_WARN_INT_CONVERSION = YES;
				CLANG_WARN_NON_LITERAL_NULL_CONVERSION = YES;
				CLANG_WARN_OBJC_IMPLICIT_RETAIN_SELF = YES;
				CLANG_WARN_OBJC_LITERAL_CONVERSION = YES;
				CLANG_WARN_OBJC_ROOT_CLASS = YES_ERROR;
				CLANG_WARN_QUOTED_INCLUDE_IN_FRAMEWORK_HEADER = YES;
				CLANG_WARN_RANGE_LOOP_ANALYSIS = YES;
				CLANG_WARN_STRICT_PROTOTYPES = YES;
				CLANG_WARN_SUSPICIOUS_MOVE = YES;
				CLANG_WARN_UNGUARDED_AVAILABILITY = YES_AGGRESSIVE;
				CLANG_WARN_UNREACHABLE_CODE = YES;
				CLANG_WARN__DUPLICATE_METHOD_MATCH = YES;
				COPY_PHASE_STRIP = NO;
				DEBUG_INFORMATION_FORMAT = dwarf;
				ENABLE_STRICT_OBJC_MSGSEND = YES;
				ENABLE_TESTABILITY = YES;
				GCC_C_LANGUAGE_STANDARD = gnu11;
				GCC_DYNAMIC_NO_PIC = NO;
				GCC_NO_COMMON_BLOCKS = YES;
				GCC_OPTIMIZATION_LEVEL = 0;
				GCC_PREPROCESSOR_DEFINITIONS = (
					"DEBUG=1",
					"$(inherited)",
				);
				GCC_WARN_64_TO_32_BIT_CONVERSION = YES;
				GCC_WARN_ABOUT_RETURN_TYPE = YES_ERROR;
				GCC_WARN_UNDECLARED_SELECTOR = YES;
				GCC_WARN_UNINITIALIZED_AUTOS = YES_AGGRESSIVE;
				GCC_WARN_UNUSED_FUNCTION = YES;
				GCC_WARN_UNUSED_VARIABLE = YES;
				IPHONEOS_DEPLOYMENT_TARGET = 16.0;
				MTL_ENABLE_DEBUG_INFO = INCLUDE_SOURCE;
				MTL_FAST_MATH = YES;
				ONLY_ACTIVE_ARCH = YES;
				SDKROOT = iphoneos;
				SWIFT_ACTIVE_COMPILATION_CONDITIONS = DEBUG;
				SWIFT_OPTIMIZATION_LEVEL = "-Onone";
			};
			name = Debug;
		};
		3F946DF3290AA18600077E10 /* Release */ = {
			isa = XCBuildConfiguration;
			buildSettings = {
				ALWAYS_SEARCH_USER_PATHS = NO;
				CLANG_ANALYZER_NONNULL = YES;
				CLANG_ANALYZER_NUMBER_OBJECT_CONVERSION = YES_AGGRESSIVE;
				CLANG_CXX_LANGUAGE_STANDARD = "gnu++20";
				CLANG_ENABLE_MODULES = YES;
				CLANG_ENABLE_OBJC_ARC = YES;
				CLANG_ENABLE_OBJC_WEAK = YES;
				CLANG_WARN_BLOCK_CAPTURE_AUTORELEASING = YES;
				CLANG_WARN_BOOL_CONVERSION = YES;
				CLANG_WARN_COMMA = YES;
				CLANG_WARN_CONSTANT_CONVERSION = YES;
				CLANG_WARN_DEPRECATED_OBJC_IMPLEMENTATIONS = YES;
				CLANG_WARN_DIRECT_OBJC_ISA_USAGE = YES_ERROR;
				CLANG_WARN_DOCUMENTATION_COMMENTS = YES;
				CLANG_WARN_EMPTY_BODY = YES;
				CLANG_WARN_ENUM_CONVERSION = YES;
				CLANG_WARN_INFINITE_RECURSION = YES;
				CLANG_WARN_INT_CONVERSION = YES;
				CLANG_WARN_NON_LITERAL_NULL_CONVERSION = YES;
				CLANG_WARN_OBJC_IMPLICIT_RETAIN_SELF = YES;
				CLANG_WARN_OBJC_LITERAL_CONVERSION = YES;
				CLANG_WARN_OBJC_ROOT_CLASS = YES_ERROR;
				CLANG_WARN_QUOTED_INCLUDE_IN_FRAMEWORK_HEADER = YES;
				CLANG_WARN_RANGE_LOOP_ANALYSIS = YES;
				CLANG_WARN_STRICT_PROTOTYPES = YES;
				CLANG_WARN_SUSPICIOUS_MOVE = YES;
				CLANG_WARN_UNGUARDED_AVAILABILITY = YES_AGGRESSIVE;
				CLANG_WARN_UNREACHABLE_CODE = YES;
				CLANG_WARN__DUPLICATE_METHOD_MATCH = YES;
				COPY_PHASE_STRIP = NO;
				DEBUG_INFORMATION_FORMAT = "dwarf-with-dsym";
				ENABLE_NS_ASSERTIONS = NO;
				ENABLE_STRICT_OBJC_MSGSEND = YES;
				GCC_C_LANGUAGE_STANDARD = gnu11;
				GCC_NO_COMMON_BLOCKS = YES;
				GCC_WARN_64_TO_32_BIT_CONVERSION = YES;
				GCC_WARN_ABOUT_RETURN_TYPE = YES_ERROR;
				GCC_WARN_UNDECLARED_SELECTOR = YES;
				GCC_WARN_UNINITIALIZED_AUTOS = YES_AGGRESSIVE;
				GCC_WARN_UNUSED_FUNCTION = YES;
				GCC_WARN_UNUSED_VARIABLE = YES;
				IPHONEOS_DEPLOYMENT_TARGET = 16.0;
				MTL_ENABLE_DEBUG_INFO = NO;
				MTL_FAST_MATH = YES;
				SDKROOT = iphoneos;
				SWIFT_COMPILATION_MODE = wholemodule;
				SWIFT_OPTIMIZATION_LEVEL = "-O";
				VALIDATE_PRODUCT = YES;
			};
			name = Release;
		};
		3F946DF5290AA18600077E10 /* Debug */ = {
			isa = XCBuildConfiguration;
			buildSettings = {
				ASSETCATALOG_COMPILER_APPICON_NAME = AppIcon;
				ASSETCATALOG_COMPILER_GLOBAL_ACCENT_COLOR_NAME = AccentColor;
				CODE_SIGN_STYLE = Automatic;
				CURRENT_PROJECT_VERSION = 1;
				DEVELOPMENT_ASSET_PATHS = "\"sample-project/Preview Content\"";
				ENABLE_PREVIEWS = YES;
				GENERATE_INFOPLIST_FILE = YES;
				INFOPLIST_KEY_UIApplicationSceneManifest_Generation = YES;
				INFOPLIST_KEY_UIApplicationSupportsIndirectInputEvents = YES;
				INFOPLIST_KEY_UILaunchScreen_Generation = YES;
				INFOPLIST_KEY_UISupportedInterfaceOrientations_iPad = "UIInterfaceOrientationPortrait UIInterfaceOrientationPortraitUpsideDown UIInterfaceOrientationLandscapeLeft UIInterfaceOrientationLandscapeRight";
				INFOPLIST_KEY_UISupportedInterfaceOrientations_iPhone = "UIInterfaceOrientationPortrait UIInterfaceOrientationLandscapeLeft UIInterfaceOrientationLandscapeRight";
				LD_RUNPATH_SEARCH_PATHS = (
					"$(inherited)",
					"@executable_path/Frameworks",
				);
				MARKETING_VERSION = 1.0;
				PRODUCT_BUNDLE_IDENTIFIER = "fundsindia.sample-project";
				PRODUCT_NAME = "$(TARGET_NAME)";
				SWIFT_EMIT_LOC_STRINGS = YES;
				SWIFT_VERSION = 5.0;
				TARGETED_DEVICE_FAMILY = "1,2";
			};
			name = Debug;
		};
		3F946DF6290AA18600077E10 /* Release */ = {
			isa = XCBuildConfiguration;
			buildSettings = {
				ASSETCATALOG_COMPILER_APPICON_NAME = AppIcon;
				ASSETCATALOG_COMPILER_GLOBAL_ACCENT_COLOR_NAME = AccentColor;
				CODE_SIGN_STYLE = Automatic;
				CURRENT_PROJECT_VERSION = 1;
				DEVELOPMENT_ASSET_PATHS = "\"sample-project/Preview Content\"";
				ENABLE_PREVIEWS = YES;
				GENERATE_INFOPLIST_FILE = YES;
				INFOPLIST_KEY_UIApplicationSceneManifest_Generation = YES;
				INFOPLIST_KEY_UIApplicationSupportsIndirectInputEvents = YES;
				INFOPLIST_KEY_UILaunchScreen_Generation = YES;
				INFOPLIST_KEY_UISupportedInterfaceOrientations_iPad = "UIInterfaceOrientationPortrait UIInterfaceOrientationPortraitUpsideDown UIInterfaceOrientationLandscapeLeft UIInterfaceOrientationLandscapeRight";
				INFOPLIST_KEY_UISupportedInterfaceOrientations_iPhone = "UIInterfaceOrientationPortrait UIInterfaceOrientationLandscapeLeft UIInterfaceOrientationLandscapeRight";
				LD_RUNPATH_SEARCH_PATHS = (
					"$(inherited)",
					"@executable_path/Frameworks",
				);
				MARKETING_VERSION = 1.0;
				PRODUCT_BUNDLE_IDENTIFIER = "fundsindia.sample-project";
				PRODUCT_NAME = "$(TARGET_NAME)";
				SWIFT_EMIT_LOC_STRINGS = YES;
				SWIFT_VERSION = 5.0;
				TARGETED_DEVICE_FAMILY = "1,2";
			};
			name = Release;
		};
		3F946DF8290AA18600077E10 /* Debug */ = {
			isa = XCBuildConfiguration;
			buildSettings = {
				ALWAYS_EMBED_SWIFT_STANDARD_LIBRARIES = YES;
				BUNDLE_LOADER = "$(TEST_HOST)";
				CODE_SIGN_STYLE = Automatic;
				CURRENT_PROJECT_VERSION = 1;
				GENERATE_INFOPLIST_FILE = YES;
				IPHONEOS_DEPLOYMENT_TARGET = 16.0;
				MARKETING_VERSION = 1.0;
				PRODUCT_BUNDLE_IDENTIFIER = "fundsindia.sample-projectTests";
				PRODUCT_NAME = "$(TARGET_NAME)";
				SWIFT_EMIT_LOC_STRINGS = NO;
				SWIFT_VERSION = 5.0;
				TARGETED_DEVICE_FAMILY = "1,2";
				TEST_HOST = "$(BUILT_PRODUCTS_DIR)/sample-project.app/$(BUNDLE_EXECUTABLE_FOLDER_PATH)/sample-project";
			};
			name = Debug;
		};
		3F946DF9290AA18600077E10 /* Release */ = {
			isa = XCBuildConfiguration;
			buildSettings = {
				ALWAYS_EMBED_SWIFT_STANDARD_LIBRARIES = YES;
				BUNDLE_LOADER = "$(TEST_HOST)";
				CODE_SIGN_STYLE = Automatic;
				CURRENT_PROJECT_VERSION = 1;
				GENERATE_INFOPLIST_FILE = YES;
				IPHONEOS_DEPLOYMENT_TARGET = 16.0;
				MARKETING_VERSION = 1.0;
				PRODUCT_BUNDLE_IDENTIFIER = "fundsindia.sample-projectTests";
				PRODUCT_NAME = "$(TARGET_NAME)";
				SWIFT_EMIT_LOC_STRINGS = NO;
				SWIFT_VERSION = 5.0;
				TARGETED_DEVICE_FAMILY = "1,2";
				TEST_HOST = "$(BUILT_PRODUCTS_DIR)/sample-project.app/$(BUNDLE_EXECUTABLE_FOLDER_PATH)/sample-project";
			};
			name = Release;
		};
		3F946DFB290AA18600077E10 /* Debug */ = {
			isa = XCBuildConfiguration;
			buildSettings = {
				ALWAYS_EMBED_SWIFT_STANDARD_LIBRARIES = YES;
				CODE_SIGN_STYLE = Automatic;
				CURRENT_PROJECT_VERSION = 1;
				GENERATE_INFOPLIST_FILE = YES;
				MARKETING_VERSION = 1.0;
				PRODUCT_BUNDLE_IDENTIFIER = "fundsindia.sample-projectUITests";
				PRODUCT_NAME = "$(TARGET_NAME)";
				SWIFT_EMIT_LOC_STRINGS = NO;
				SWIFT_VERSION = 5.0;
				TARGETED_DEVICE_FAMILY = "1,2";
				TEST_TARGET_NAME = "sample-project";
			};
			name = Debug;
		};
		3F946DFC290AA18600077E10 /* Release */ = {
			isa = XCBuildConfiguration;
			buildSettings = {
				ALWAYS_EMBED_SWIFT_STANDARD_LIBRARIES = YES;
				CODE_SIGN_STYLE = Automatic;
				CURRENT_PROJECT_VERSION = 1;
				GENERATE_INFOPLIST_FILE = YES;
				MARKETING_VERSION = 1.0;
				PRODUCT_BUNDLE_IDENTIFIER = "fundsindia.sample-projectUITests";
				PRODUCT_NAME = "$(TARGET_NAME)";
				SWIFT_EMIT_LOC_STRINGS = NO;
				SWIFT_VERSION = 5.0;
				TARGETED_DEVICE_FAMILY = "1,2";
				TEST_TARGET_NAME = "sample-project";
			};
			name = Release;
		};
/* End XCBuildConfiguration section */

/* Begin XCConfigurationList section */
		3F946DCB290AA18300077E10 /* Build configuration list for PBXProject "sample-project" */ = {
			isa = XCConfigurationList;
			buildConfigurations = (
				3F946DF2290AA18600077E10 /* Debug */,
				3F946DF3290AA18600077E10 /* Release */,
			);
			defaultConfigurationIsVisible = 0;
			defaultConfigurationName = Release;
		};
		3F946DF4290AA18600077E10 /* Build configuration list for PBXNativeTarget "sample-project" */ = {
			isa = XCConfigurationList;
			buildConfigurations = (
				3F946DF5290AA18600077E10 /* Debug */,
				3F946DF6290AA18600077E10 /* Release */,
			);
			defaultConfigurationIsVisible = 0;
			defaultConfigurationName = Release;
		};
		3F946DF7290AA18600077E10 /* Build configuration list for PBXNativeTarget "sample-projectTests" */ = {
			isa = XCConfigurationList;
			buildConfigurations = (
				3F946DF8290AA18600077E10 /* Debug */,
				3F946DF9290AA18600077E10 /* Release */,
			);
			defaultConfigurationIsVisible = 0;
			defaultConfigurationName = Release;
		};
		3F946DFA290AA18600077E10 /* Build configuration list for PBXNativeTarget "sample-projectUITests" */ = {
			isa = XCConfigurationList;
			buildConfigurations = (
				3F946DFB290AA18600077E10 /* Debug */,
				3F946DFC290AA18600077E10 /* Release */,
			);
			defaultConfigurationIsVisible = 0;
			defaultConfigurationName = Release;
		};
/* End XCConfigurationList section */
	};
	rootObject = 3F946DC8290AA18300077E10 /* Project object */;
}
